
Microsoft Visual Studio Solution File, Format Version 12.00
# Visual Studio Version 17
VisualStudioVersion = 17.3.32901.215
MinimumVisualStudioVersion = 10.0.40219.1
Project("{888888A0-9F3D-457C-B088-3A5042F75D52}") = "Task 2", "Task 2\Task 2.pyproj", "{8DB95F89-B225-4FC3-8BC1-B0DF1F8C343A}"
EndProject
Global
	GlobalSection(SolutionConfigurationPlatforms) = preSolution
		Debug|Any CPU = Debug|Any CPU
		Release|Any CPU = Release|Any CPU
	EndGlobalSection
	GlobalSection(ProjectConfigurationPlatforms) = postSolution
		{8DB95F89-B225-4FC3-8BC1-B0DF1F8C343A}.Debug|Any CPU.ActiveCfg = Debug|Any CPU
		{8DB95F89-B225-4FC3-8BC1-B0DF1F8C343A}.Release|Any CPU.ActiveCfg = Release|Any CPU
	EndGlobalSection
	GlobalSection(SolutionProperties) = preSolution
		HideSolutionNode = FALSE
	EndGlobalSection
	GlobalSection(ExtensibilityGlobals) = postSolution
		SolutionGuid = {B3F33360-E01A-469A-8EC7-B7578336146A}
	EndGlobalSection
EndGlobal
