
Microsoft Visual Studio Solution File, Format Version 12.00
# Visual Studio Version 17
VisualStudioVersion = 17.3.32901.215
MinimumVisualStudioVersion = 10.0.40219.1
Project("{888888A0-9F3D-457C-B088-3A5042F75D52}") = "Task 4", "Task 4\Task 4.pyproj", "{45A760B6-C2A0-47CC-8681-4C29E6111677}"
EndProject
Global
	GlobalSection(SolutionConfigurationPlatforms) = preSolution
		Debug|Any CPU = Debug|Any CPU
		Release|Any CPU = Release|Any CPU
	EndGlobalSection
	GlobalSection(ProjectConfigurationPlatforms) = postSolution
		{45A760B6-C2A0-47CC-8681-4C29E6111677}.Debug|Any CPU.ActiveCfg = Debug|Any CPU
		{45A760B6-C2A0-47CC-8681-4C29E6111677}.Release|Any CPU.ActiveCfg = Release|Any CPU
	EndGlobalSection
	GlobalSection(SolutionProperties) = preSolution
		HideSolutionNode = FALSE
	EndGlobalSection
	GlobalSection(ExtensibilityGlobals) = postSolution
		SolutionGuid = {BFAC22B3-A6C0-4B35-BA34-9AD56D88F78E}
	EndGlobalSection
EndGlobal
